SPDX-License-Identifier: CC-BY-SA-4.0
active: true
copyrights:
- Copyright (C) 1988, 1998 On-Line Applications Research Corporation (OAR)
derived: false
enabled-by: []
glossary-term: block
glossary-type: term
header: ''
level: 1.12
links:
- RTEMS-GLOS-GENERAL: y-DGLwoqVNRBlzUau_mx_yR3iKlhE02h2mRxK7VkLQE=
normative: true
ref: ''
reviewed: 9fQWgzqk9AkU0aEDkuKIfIcAIMf2lARrWtmXAcpXC2E=
text: |
  A physically contiguous area of memory.
type: glossary
