SPDX-License-Identifier: CC-BY-SA-4.0
active: true
copyrights:
- Copyright (C) 1988, 1998 On-Line Applications Research Corporation (OAR)
derived: false
enabled-by: []
glossary-term: Timer Control Block
glossary-type: term
header: ''
level: 1.179
links:
- RTEMS-GLOS-GENERAL: y-DGLwoqVNRBlzUau_mx_yR3iKlhE02h2mRxK7VkLQE=
normative: true
ref: ''
reviewed: ZGRMQsXl1rJl6OEwsRDGtODxn2RqI7pRrnHX4jK1Zcc=
text: |
  A data structure associated with each timer used by RTEMS to manage that
  timer.
type: glossary
