SPDX-License-Identifier: CC-BY-SA-4.0
active: true
copyrights:
- Copyright (C) 1988, 1998 On-Line Applications Research Corporation (OAR)
derived: false
enabled-by: []
glossary-term: control block
glossary-type: term
header: ''
level: 1.28
links:
- RTEMS-GLOS-GENERAL: y-DGLwoqVNRBlzUau_mx_yR3iKlhE02h2mRxK7VkLQE=
normative: true
ref: ''
reviewed: zsIf3izmnLykfglQw-OEmSktQvwnJW3lgwVC8cFYAMo=
text: |
  A data structure used by the executive to define and control an object.
type: glossary
