SPDX-License-Identifier: CC-BY-SA-4.0
active: true
copyrights:
- Copyright (C) 1988, 1998 On-Line Applications Research Corporation (OAR)
derived: false
enabled-by: []
glossary-term: Proxy Control Block
glossary-type: term
header: ''
level: 1.121
links:
- RTEMS-GLOS-GENERAL: y-DGLwoqVNRBlzUau_mx_yR3iKlhE02h2mRxK7VkLQE=
normative: true
ref: ''
reviewed: cCHSV-AdLE1ZL1zbgyy8BruhsCzTpXtrJJwZ1M5HaEg=
text: |
  A data structure associated with each proxy used by RTEMS to manage that
  proxy.
type: glossary
