SPDX-License-Identifier: CC-BY-SA-4.0
active: true
copyrights:
- Copyright (C) 1988, 1998 On-Line Applications Research Corporation (OAR)
derived: false
enabled-by: []
glossary-term: Message Queue Control Block
glossary-type: term
header: ''
level: 1.85
links:
- RTEMS-GLOS-GENERAL: y-DGLwoqVNRBlzUau_mx_yR3iKlhE02h2mRxK7VkLQE=
normative: true
ref: ''
reviewed: ol-TuBKJh9qB7ci38G2xU3Vx7-Z0eHzPCJGRdnUYY0E=
text: |
  A data structure associated with each message queue used by RTEMS to
  manage that message queue.
type: glossary
