SPDX-License-Identifier: CC-BY-SA-4.0
active: true
copyrights:
- Copyright (C) 1988, 1998 On-Line Applications Research Corporation (OAR)
derived: false
enabled-by: []
glossary-term: Partition Control Block
glossary-type: term
header: ''
level: 1.106
links:
- RTEMS-GLOS-GENERAL: y-DGLwoqVNRBlzUau_mx_yR3iKlhE02h2mRxK7VkLQE=
normative: true
ref: ''
reviewed: BUxqU8zvEWRHD2QxHkxumjfGZwzFq0COoeoBWQWvH1c=
text: |
  A data structure associated with each partition used by RTEMS to manage
  that partition.
type: glossary
